// !$*UTF8*$!
{
	archiveVersion = 1;
	classes = {
	};
	objectVersion = 50;
	objects = {

/* Begin PBXContainerItemProxy section */
		2006B8CE2092B56200A2F1F2 /* PBXContainerItemProxy */ = {
			isa = PBXContainerItemProxy;
			containerPortal = 20B554182092AEC20014764E /* Project object */;
			proxyType = 1;
			remoteGlobalIDString = 2006B8CA2092B55800A2F1F2;
			remoteInfo = dep;
		};
		2006B8D02092B56700A2F1F2 /* PBXContainerItemProxy */ = {
			isa = PBXContainerItemProxy;
			containerPortal = 20B554182092AEC20014764E /* Project object */;
			proxyType = 1;
			remoteGlobalIDString = 2006B8C42092B3C000A2F1F2;
			remoteInfo = clean;
		};
/* End PBXContainerItemProxy section */

/* Begin PBXFileReference section */
		2006B8C32092B09B00A2F1F2 /* mp3_group_39 */ = {isa = PBXFileReference; lastKnownFileType = folder; name = mp3_group_39; sourceTree = "<group>"; };
/* End PBXFileReference section */

/* Begin PBXGroup section */
		20B554172092AEC20014764E = {
			isa = PBXGroup;
			children = (
				2006B8C32092B09B00A2F1F2 /* mp3_group_39 */,
			);
			sourceTree = "<group>";
		};
/* End PBXGroup section */

/* Begin PBXLegacyTarget section */
		2006B8C42092B3C000A2F1F2 /* clean */ = {
			isa = PBXLegacyTarget;
			buildArgumentsString = clean;
			buildConfigurationList = 2006B8C52092B3C000A2F1F2 /* Build configuration list for PBXLegacyTarget "clean" */;
			buildPhases = (
			);
			buildToolPath = /usr/bin/make;
			buildWorkingDirectory = "$(PROJECT_DIR)/student-distrib";
			dependencies = (
			);
			name = clean;
			passBuildSettingsInEnvironment = 1;
			productName = clean;
		};
		2006B8CA2092B55800A2F1F2 /* dep */ = {
			isa = PBXLegacyTarget;
			buildArgumentsString = dep;
			buildConfigurationList = 2006B8CB2092B55800A2F1F2 /* Build configuration list for PBXLegacyTarget "dep" */;
			buildPhases = (
			);
			buildToolPath = /usr/bin/make;
			buildWorkingDirectory = "$(PROJECT_DIR)/student-distrib";
			dependencies = (
				2006B8D12092B56700A2F1F2 /* PBXTargetDependency */,
			);
			name = dep;
			passBuildSettingsInEnvironment = 1;
			productName = dep;
		};
		2006B8D72092BECC00A2F1F2 /* docs-kernel */ = {
			isa = PBXLegacyTarget;
			buildArgumentsString = "";
			buildConfigurationList = 2006B8D82092BECC00A2F1F2 /* Build configuration list for PBXLegacyTarget "docs-kernel" */;
			buildPhases = (
			);
			buildToolPath = /usr/local/bin/doxygen;
			buildWorkingDirectory = "$(PROJECT_DIR)/student-distrib";
			dependencies = (
			);
			name = "docs-kernel";
			passBuildSettingsInEnvironment = 1;
			productName = docs;
		};
		2006B8DB2092BF1C00A2F1F2 /* docs-libc */ = {
			isa = PBXLegacyTarget;
			buildArgumentsString = "";
			buildConfigurationList = 2006B8DC2092BF1C00A2F1F2 /* Build configuration list for PBXLegacyTarget "docs-libc" */;
			buildPhases = (
			);
			buildToolPath = /usr/local/bin/doxygen;
			buildWorkingDirectory = "$(PROJECT_DIR)/libc";
			dependencies = (
			);
			name = "docs-libc";
			passBuildSettingsInEnvironment = 1;
			productName = "docs-libc";
		};
		20B5541F2092AEED0014764E /* bootimg */ = {
			isa = PBXLegacyTarget;
			buildArgumentsString = "";
			buildConfigurationList = 20B554202092AEED0014764E /* Build configuration list for PBXLegacyTarget "bootimg" */;
			buildPhases = (
			);
			buildToolPath = /usr/bin/make;
			buildWorkingDirectory = "$(PROJECT_DIR)/student-distrib";
			dependencies = (
				2006B8CF2092B56200A2F1F2 /* PBXTargetDependency */,
			);
			name = bootimg;
			passBuildSettingsInEnvironment = 1;
			productName = bootimg;
		};
/* End PBXLegacyTarget section */

/* Begin PBXProject section */
		20B554182092AEC20014764E /* Project object */ = {
			isa = PBXProject;
			attributes = {
				LastUpgradeCheck = 0930;
				TargetAttributes = {
					2006B8C42092B3C000A2F1F2 = {
						CreatedOnToolsVersion = 9.3;
					};
					2006B8CA2092B55800A2F1F2 = {
						CreatedOnToolsVersion = 9.3;
					};
					2006B8D72092BECC00A2F1F2 = {
						CreatedOnToolsVersion = 9.3;
					};
					2006B8DB2092BF1C00A2F1F2 = {
						CreatedOnToolsVersion = 9.3;
					};
					20B5541F2092AEED0014764E = {
						CreatedOnToolsVersion = 9.3;
					};
				};
			};
			buildConfigurationList = 20B5541B2092AEC20014764E /* Build configuration list for PBXProject "SaenaiOS" */;
			compatibilityVersion = "Xcode 9.3";
			developmentRegion = en;
			hasScannedForEncodings = 0;
			knownRegions = (
				en,
			);
			mainGroup = 20B554172092AEC20014764E;
			projectDirPath = "";
			projectRoot = "";
			targets = (
				20B5541F2092AEED0014764E /* bootimg */,
				2006B8C42092B3C000A2F1F2 /* clean */,
				2006B8CA2092B55800A2F1F2 /* dep */,
				2006B8D72092BECC00A2F1F2 /* docs-kernel */,
				2006B8DB2092BF1C00A2F1F2 /* docs-libc */,
			);
		};
/* End PBXProject section */

/* Begin PBXTargetDependency section */
		2006B8CF2092B56200A2F1F2 /* PBXTargetDependency */ = {
			isa = PBXTargetDependency;
			target = 2006B8CA2092B55800A2F1F2 /* dep */;
			targetProxy = 2006B8CE2092B56200A2F1F2 /* PBXContainerItemProxy */;
		};
		2006B8D12092B56700A2F1F2 /* PBXTargetDependency */ = {
			isa = PBXTargetDependency;
			target = 2006B8C42092B3C000A2F1F2 /* clean */;
			targetProxy = 2006B8D02092B56700A2F1F2 /* PBXContainerItemProxy */;
		};
/* End PBXTargetDependency section */

/* Begin XCBuildConfiguration section */
		2006B8C62092B3C000A2F1F2 /* Debug */ = {
			isa = XCBuildConfiguration;
			buildSettings = {
			};
			name = Debug;
		};
		2006B8C72092B3C000A2F1F2 /* Release */ = {
			isa = XCBuildConfiguration;
			buildSettings = {
			};
			name = Release;
		};
		2006B8CC2092B55800A2F1F2 /* Debug */ = {
			isa = XCBuildConfiguration;
			buildSettings = {
			};
			name = Debug;
		};
		2006B8CD2092B55800A2F1F2 /* Release */ = {
			isa = XCBuildConfiguration;
			buildSettings = {
			};
			name = Release;
		};
		2006B8D92092BECC00A2F1F2 /* Debug */ = {
			isa = XCBuildConfiguration;
			buildSettings = {
			};
			name = Debug;
		};
		2006B8DA2092BECC00A2F1F2 /* Release */ = {
			isa = XCBuildConfiguration;
			buildSettings = {
			};
			name = Release;
		};
		2006B8DD2092BF1C00A2F1F2 /* Debug */ = {
			isa = XCBuildConfiguration;
			buildSettings = {
			};
			name = Debug;
		};
		2006B8DE2092BF1C00A2F1F2 /* Release */ = {
			isa = XCBuildConfiguration;
			buildSettings = {
			};
			name = Release;
		};
		20B5541C2092AEC20014764E /* Debug */ = {
			isa = XCBuildConfiguration;
			buildSettings = {
				PATH = "$HOME/opt/cross/bin:$PATH";
			};
			name = Debug;
		};
		20B5541D2092AEC20014764E /* Release */ = {
			isa = XCBuildConfiguration;
			buildSettings = {
				PATH = "$HOME/opt/cross/bin:$PATH";
			};
			name = Release;
		};
		20B554212092AEED0014764E /* Debug */ = {
			isa = XCBuildConfiguration;
			buildSettings = {
			};
			name = Debug;
		};
		20B554222092AEED0014764E /* Release */ = {
			isa = XCBuildConfiguration;
			buildSettings = {
			};
			name = Release;
		};
/* End XCBuildConfiguration section */

/* Begin XCConfigurationList section */
		2006B8C52092B3C000A2F1F2 /* Build configuration list for PBXLegacyTarget "clean" */ = {
			isa = XCConfigurationList;
			buildConfigurations = (
				2006B8C62092B3C000A2F1F2 /* Debug */,
				2006B8C72092B3C000A2F1F2 /* Release */,
			);
			defaultConfigurationIsVisible = 0;
			defaultConfigurationName = Release;
		};
		2006B8CB2092B55800A2F1F2 /* Build configuration list for PBXLegacyTarget "dep" */ = {
			isa = XCConfigurationList;
			buildConfigurations = (
				2006B8CC2092B55800A2F1F2 /* Debug */,
				2006B8CD2092B55800A2F1F2 /* Release */,
			);
			defaultConfigurationIsVisible = 0;
			defaultConfigurationName = Release;
		};
		2006B8D82092BECC00A2F1F2 /* Build configuration list for PBXLegacyTarget "docs-kernel" */ = {
			isa = XCConfigurationList;
			buildConfigurations = (
				2006B8D92092BECC00A2F1F2 /* Debug */,
				2006B8DA2092BECC00A2F1F2 /* Release */,
			);
			defaultConfigurationIsVisible = 0;
			defaultConfigurationName = Release;
		};
		2006B8DC2092BF1C00A2F1F2 /* Build configuration list for PBXLegacyTarget "docs-libc" */ = {
			isa = XCConfigurationList;
			buildConfigurations = (
				2006B8DD2092BF1C00A2F1F2 /* Debug */,
				2006B8DE2092BF1C00A2F1F2 /* Release */,
			);
			defaultConfigurationIsVisible = 0;
			defaultConfigurationName = Release;
		};
		20B5541B2092AEC20014764E /* Build configuration list for PBXProject "SaenaiOS" */ = {
			isa = XCConfigurationList;
			buildConfigurations = (
				20B5541C2092AEC20014764E /* Debug */,
				20B5541D2092AEC20014764E /* Release */,
			);
			defaultConfigurationIsVisible = 0;
			defaultConfigurationName = Release;
		};
		20B554202092AEED0014764E /* Build configuration list for PBXLegacyTarget "bootimg" */ = {
			isa = XCConfigurationList;
			buildConfigurations = (
				20B554212092AEED0014764E /* Debug */,
				20B554222092AEED0014764E /* Release */,
			);
			defaultConfigurationIsVisible = 0;
			defaultConfigurationName = Release;
		};
/* End XCConfigurationList section */
	};
	rootObject = 20B554182092AEC20014764E /* Project object */;
}
